
Microsoft Visual Studio Solution File, Format Version 12.00
# Visual Studio Version 17
VisualStudioVersion = 17.7.34221.43
MinimumVisualStudioVersion = 10.0.40219.1
Project("{9A19103F-16F7-4668-BE54-9A1E7A4F7556}") = "Services", "Services\Services.csproj", "{779D7BE2-4CE8-40A0-9721-4E9B0B640DA4}"
EndProject
Project("{9A19103F-16F7-4668-BE54-9A1E7A4F7556}") = "DataAccess", "DataAccess\DataAccess.csproj", "{534BB51A-E99C-4BC5-89BE-D56341196FE3}"
EndProject
Project("{9A19103F-16F7-4668-BE54-9A1E7A4F7556}") = "tech_gui", "tech_gui\tech_gui.csproj", "{3D684869-3CBC-44A9-A92F-74706216D671}"
EndProject
Project("{9A19103F-16F7-4668-BE54-9A1E7A4F7556}") = "Testing", "UnitTests\Testing.csproj", "{8CD22F43-D20F-469B-BD9E-0253B261973F}"
EndProject
Global
	GlobalSection(SolutionConfigurationPlatforms) = preSolution
		Debug|Any CPU = Debug|Any CPU
		Release|Any CPU = Release|Any CPU
	EndGlobalSection
	GlobalSection(ProjectConfigurationPlatforms) = postSolution
		{779D7BE2-4CE8-40A0-9721-4E9B0B640DA4}.Debug|Any CPU.ActiveCfg = Debug|Any CPU
		{779D7BE2-4CE8-40A0-9721-4E9B0B640DA4}.Debug|Any CPU.Build.0 = Debug|Any CPU
		{779D7BE2-4CE8-40A0-9721-4E9B0B640DA4}.Release|Any CPU.ActiveCfg = Release|Any CPU
		{779D7BE2-4CE8-40A0-9721-4E9B0B640DA4}.Release|Any CPU.Build.0 = Release|Any CPU
		{534BB51A-E99C-4BC5-89BE-D56341196FE3}.Debug|Any CPU.ActiveCfg = Debug|Any CPU
		{534BB51A-E99C-4BC5-89BE-D56341196FE3}.Debug|Any CPU.Build.0 = Debug|Any CPU
		{534BB51A-E99C-4BC5-89BE-D56341196FE3}.Release|Any CPU.ActiveCfg = Release|Any CPU
		{534BB51A-E99C-4BC5-89BE-D56341196FE3}.Release|Any CPU.Build.0 = Release|Any CPU
		{3D684869-3CBC-44A9-A92F-74706216D671}.Debug|Any CPU.ActiveCfg = Debug|Any CPU
		{3D684869-3CBC-44A9-A92F-74706216D671}.Debug|Any CPU.Build.0 = Debug|Any CPU
		{3D684869-3CBC-44A9-A92F-74706216D671}.Release|Any CPU.ActiveCfg = Release|Any CPU
		{3D684869-3CBC-44A9-A92F-74706216D671}.Release|Any CPU.Build.0 = Release|Any CPU
		{8CD22F43-D20F-469B-BD9E-0253B261973F}.Debug|Any CPU.ActiveCfg = Debug|Any CPU
		{8CD22F43-D20F-469B-BD9E-0253B261973F}.Debug|Any CPU.Build.0 = Debug|Any CPU
		{8CD22F43-D20F-469B-BD9E-0253B261973F}.Release|Any CPU.ActiveCfg = Release|Any CPU
		{8CD22F43-D20F-469B-BD9E-0253B261973F}.Release|Any CPU.Build.0 = Release|Any CPU
	EndGlobalSection
	GlobalSection(SolutionProperties) = preSolution
		HideSolutionNode = FALSE
	EndGlobalSection
	GlobalSection(ExtensibilityGlobals) = postSolution
		SolutionGuid = {5EC59434-C61C-425D-B88B-C35A9FDFEAEC}
	EndGlobalSection
EndGlobal
